
Microsoft Visual Studio Solution File, Format Version 12.00
# Visual Studio Version 16
VisualStudioVersion = 16.0.30114.105
MinimumVisualStudioVersion = 10.0.40219.1
Project("{2150E333-8FDC-42A3-9474-1A3956D46DE8}") = "src", "src", "{31698E24-CFBE-471A-B9E1-384B708501A4}"
EndProject
Project("{FAE04EC0-301F-11D3-BF4B-00C04F79EFBC}") = "Back", "src\Back\Back.csproj", "{A1D0F0DD-564A-4B6F-AD78-BC714B6A045E}"
EndProject
Project("{2150E333-8FDC-42A3-9474-1A3956D46DE8}") = "test", "test", "{7205B064-2BC9-4744-AF6F-3631B5ACD406}"
EndProject
Project("{FAE04EC0-301F-11D3-BF4B-00C04F79EFBC}") = "Back.Test", "test\Back.Test\Back.Test.csproj", "{966CE712-01BE-42EC-8DE3-D00C2AA6AE45}"
EndProject
Global
	GlobalSection(SolutionConfigurationPlatforms) = preSolution
		Debug|Any CPU = Debug|Any CPU
		Release|Any CPU = Release|Any CPU
	EndGlobalSection
	GlobalSection(SolutionProperties) = preSolution
		HideSolutionNode = FALSE
	EndGlobalSection
	GlobalSection(ProjectConfigurationPlatforms) = postSolution
		{A1D0F0DD-564A-4B6F-AD78-BC714B6A045E}.Debug|Any CPU.ActiveCfg = Debug|Any CPU
		{A1D0F0DD-564A-4B6F-AD78-BC714B6A045E}.Debug|Any CPU.Build.0 = Debug|Any CPU
		{A1D0F0DD-564A-4B6F-AD78-BC714B6A045E}.Release|Any CPU.ActiveCfg = Release|Any CPU
		{A1D0F0DD-564A-4B6F-AD78-BC714B6A045E}.Release|Any CPU.Build.0 = Release|Any CPU
		{966CE712-01BE-42EC-8DE3-D00C2AA6AE45}.Debug|Any CPU.ActiveCfg = Debug|Any CPU
		{966CE712-01BE-42EC-8DE3-D00C2AA6AE45}.Debug|Any CPU.Build.0 = Debug|Any CPU
		{966CE712-01BE-42EC-8DE3-D00C2AA6AE45}.Release|Any CPU.ActiveCfg = Release|Any CPU
		{966CE712-01BE-42EC-8DE3-D00C2AA6AE45}.Release|Any CPU.Build.0 = Release|Any CPU
	EndGlobalSection
	GlobalSection(NestedProjects) = preSolution
		{A1D0F0DD-564A-4B6F-AD78-BC714B6A045E} = {31698E24-CFBE-471A-B9E1-384B708501A4}
		{966CE712-01BE-42EC-8DE3-D00C2AA6AE45} = {7205B064-2BC9-4744-AF6F-3631B5ACD406}
	EndGlobalSection
EndGlobal
